
Microsoft Visual Studio Solution File, Format Version 12.00
# Visual Studio 2013
VisualStudioVersion = 12.0.30501.0
MinimumVisualStudioVersion = 10.0.40219.1
Project("{FAE04EC0-301F-11D3-BF4B-00C04F79EFBC}") = "WebApplication3", "WebApplication3\WebApplication3.csproj", "{6FC80F3A-A8A5-439B-BD31-CE54C1B37CFE}"
EndProject
Project("{FAE04EC0-301F-11D3-BF4B-00C04F79EFBC}") = "Security", "Security\Security.csproj", "{5EB78DBF-2033-4354-B4BD-F13EE29E3B2E}"
EndProject
Global
	GlobalSection(SolutionConfigurationPlatforms) = preSolution
		Debug|Any CPU = Debug|Any CPU
		Release|Any CPU = Release|Any CPU
	EndGlobalSection
	GlobalSection(ProjectConfigurationPlatforms) = postSolution
		{6FC80F3A-A8A5-439B-BD31-CE54C1B37CFE}.Debug|Any CPU.ActiveCfg = Debug|Any CPU
		{6FC80F3A-A8A5-439B-BD31-CE54C1B37CFE}.Debug|Any CPU.Build.0 = Debug|Any CPU
		{6FC80F3A-A8A5-439B-BD31-CE54C1B37CFE}.Release|Any CPU.ActiveCfg = Release|Any CPU
		{6FC80F3A-A8A5-439B-BD31-CE54C1B37CFE}.Release|Any CPU.Build.0 = Release|Any CPU
		{5EB78DBF-2033-4354-B4BD-F13EE29E3B2E}.Debug|Any CPU.ActiveCfg = Debug|Any CPU
		{5EB78DBF-2033-4354-B4BD-F13EE29E3B2E}.Debug|Any CPU.Build.0 = Debug|Any CPU
		{5EB78DBF-2033-4354-B4BD-F13EE29E3B2E}.Release|Any CPU.ActiveCfg = Release|Any CPU
		{5EB78DBF-2033-4354-B4BD-F13EE29E3B2E}.Release|Any CPU.Build.0 = Release|Any CPU
	EndGlobalSection
	GlobalSection(SolutionProperties) = preSolution
		HideSolutionNode = FALSE
	EndGlobalSection
EndGlobal
